
Microsoft Visual Studio Solution File, Format Version 12.00
# Visual Studio Version 16
VisualStudioVersion = 16.0.29709.97
MinimumVisualStudioVersion = 10.0.40219.1
Project("{FAE04EC0-301F-11D3-BF4B-00C04F79EFBC}") = "HopeNope.Android", "HopeNope\HopeNope.Android\HopeNope.Android.csproj", "{B0A7B2FC-6FFF-461D-977F-0F7E728A9997}"
EndProject
Project("{FAE04EC0-301F-11D3-BF4B-00C04F79EFBC}") = "HopeNope.iOS", "HopeNope\HopeNope.iOS\HopeNope.iOS.csproj", "{D32AF5E1-7F00-47A4-A8E3-3AA8A4697710}"
EndProject
Project("{9A19103F-16F7-4668-BE54-9A1E7A4F7556}") = "HopeNope", "HopeNope\HopeNope\HopeNope.csproj", "{C2CC701D-3E10-4425-95F6-1C65E90CA8B8}"
EndProject
Global
	GlobalSection(SolutionConfigurationPlatforms) = preSolution
		Debug|Any CPU = Debug|Any CPU
		Debug|iPhone = Debug|iPhone
		Debug|iPhoneSimulator = Debug|iPhoneSimulator
		Release|Any CPU = Release|Any CPU
		Release|iPhone = Release|iPhone
		Release|iPhoneSimulator = Release|iPhoneSimulator
	EndGlobalSection
	GlobalSection(ProjectConfigurationPlatforms) = postSolution
		{B0A7B2FC-6FFF-461D-977F-0F7E728A9997}.Debug|Any CPU.ActiveCfg = Debug|Any CPU
		{B0A7B2FC-6FFF-461D-977F-0F7E728A9997}.Debug|Any CPU.Build.0 = Debug|Any CPU
		{B0A7B2FC-6FFF-461D-977F-0F7E728A9997}.Debug|Any CPU.Deploy.0 = Debug|Any CPU
		{B0A7B2FC-6FFF-461D-977F-0F7E728A9997}.Debug|iPhone.ActiveCfg = Debug|Any CPU
		{B0A7B2FC-6FFF-461D-977F-0F7E728A9997}.Debug|iPhone.Build.0 = Debug|Any CPU
		{B0A7B2FC-6FFF-461D-977F-0F7E728A9997}.Debug|iPhone.Deploy.0 = Debug|Any CPU
		{B0A7B2FC-6FFF-461D-977F-0F7E728A9997}.Debug|iPhoneSimulator.ActiveCfg = Debug|Any CPU
		{B0A7B2FC-6FFF-461D-977F-0F7E728A9997}.Release|Any CPU.ActiveCfg = Release|Any CPU
		{B0A7B2FC-6FFF-461D-977F-0F7E728A9997}.Release|Any CPU.Build.0 = Release|Any CPU
		{B0A7B2FC-6FFF-461D-977F-0F7E728A9997}.Release|Any CPU.Deploy.0 = Release|Any CPU
		{B0A7B2FC-6FFF-461D-977F-0F7E728A9997}.Release|iPhone.ActiveCfg = Release|Any CPU
		{B0A7B2FC-6FFF-461D-977F-0F7E728A9997}.Release|iPhone.Build.0 = Release|Any CPU
		{B0A7B2FC-6FFF-461D-977F-0F7E728A9997}.Release|iPhone.Deploy.0 = Release|Any CPU
		{B0A7B2FC-6FFF-461D-977F-0F7E728A9997}.Release|iPhoneSimulator.ActiveCfg = Release|Any CPU
		{B0A7B2FC-6FFF-461D-977F-0F7E728A9997}.Release|iPhoneSimulator.Build.0 = Release|Any CPU
		{B0A7B2FC-6FFF-461D-977F-0F7E728A9997}.Release|iPhoneSimulator.Deploy.0 = Release|Any CPU
		{D32AF5E1-7F00-47A4-A8E3-3AA8A4697710}.Debug|Any CPU.ActiveCfg = Debug|iPhoneSimulator
		{D32AF5E1-7F00-47A4-A8E3-3AA8A4697710}.Debug|Any CPU.Deploy.0 = Debug|iPhoneSimulator
		{D32AF5E1-7F00-47A4-A8E3-3AA8A4697710}.Debug|iPhone.ActiveCfg = Debug|iPhone
		{D32AF5E1-7F00-47A4-A8E3-3AA8A4697710}.Debug|iPhone.Build.0 = Debug|iPhone
		{D32AF5E1-7F00-47A4-A8E3-3AA8A4697710}.Debug|iPhone.Deploy.0 = Debug|iPhone
		{D32AF5E1-7F00-47A4-A8E3-3AA8A4697710}.Debug|iPhoneSimulator.ActiveCfg = Debug|iPhoneSimulator
		{D32AF5E1-7F00-47A4-A8E3-3AA8A4697710}.Debug|iPhoneSimulator.Build.0 = Debug|iPhoneSimulator
		{D32AF5E1-7F00-47A4-A8E3-3AA8A4697710}.Debug|iPhoneSimulator.Deploy.0 = Debug|iPhoneSimulator
		{D32AF5E1-7F00-47A4-A8E3-3AA8A4697710}.Release|Any CPU.ActiveCfg = Release|iPhone
		{D32AF5E1-7F00-47A4-A8E3-3AA8A4697710}.Release|Any CPU.Build.0 = Release|iPhone
		{D32AF5E1-7F00-47A4-A8E3-3AA8A4697710}.Release|Any CPU.Deploy.0 = Release|iPhone
		{D32AF5E1-7F00-47A4-A8E3-3AA8A4697710}.Release|iPhone.ActiveCfg = Release|iPhone
		{D32AF5E1-7F00-47A4-A8E3-3AA8A4697710}.Release|iPhone.Build.0 = Release|iPhone
		{D32AF5E1-7F00-47A4-A8E3-3AA8A4697710}.Release|iPhone.Deploy.0 = Release|iPhone
		{D32AF5E1-7F00-47A4-A8E3-3AA8A4697710}.Release|iPhoneSimulator.ActiveCfg = Release|iPhoneSimulator
		{D32AF5E1-7F00-47A4-A8E3-3AA8A4697710}.Release|iPhoneSimulator.Build.0 = Release|iPhoneSimulator
		{D32AF5E1-7F00-47A4-A8E3-3AA8A4697710}.Release|iPhoneSimulator.Deploy.0 = Release|iPhoneSimulator
		{C2CC701D-3E10-4425-95F6-1C65E90CA8B8}.Debug|Any CPU.ActiveCfg = Debug|Any CPU
		{C2CC701D-3E10-4425-95F6-1C65E90CA8B8}.Debug|Any CPU.Build.0 = Debug|Any CPU
		{C2CC701D-3E10-4425-95F6-1C65E90CA8B8}.Debug|Any CPU.Deploy.0 = Debug|Any CPU
		{C2CC701D-3E10-4425-95F6-1C65E90CA8B8}.Debug|iPhone.ActiveCfg = Debug|Any CPU
		{C2CC701D-3E10-4425-95F6-1C65E90CA8B8}.Debug|iPhone.Build.0 = Debug|Any CPU
		{C2CC701D-3E10-4425-95F6-1C65E90CA8B8}.Debug|iPhone.Deploy.0 = Debug|Any CPU
		{C2CC701D-3E10-4425-95F6-1C65E90CA8B8}.Debug|iPhoneSimulator.ActiveCfg = Debug|Any CPU
		{C2CC701D-3E10-4425-95F6-1C65E90CA8B8}.Debug|iPhoneSimulator.Build.0 = Debug|Any CPU
		{C2CC701D-3E10-4425-95F6-1C65E90CA8B8}.Debug|iPhoneSimulator.Deploy.0 = Debug|Any CPU
		{C2CC701D-3E10-4425-95F6-1C65E90CA8B8}.Release|Any CPU.ActiveCfg = Release|Any CPU
		{C2CC701D-3E10-4425-95F6-1C65E90CA8B8}.Release|Any CPU.Build.0 = Release|Any CPU
		{C2CC701D-3E10-4425-95F6-1C65E90CA8B8}.Release|Any CPU.Deploy.0 = Release|Any CPU
		{C2CC701D-3E10-4425-95F6-1C65E90CA8B8}.Release|iPhone.ActiveCfg = Release|Any CPU
		{C2CC701D-3E10-4425-95F6-1C65E90CA8B8}.Release|iPhone.Build.0 = Release|Any CPU
		{C2CC701D-3E10-4425-95F6-1C65E90CA8B8}.Release|iPhone.Deploy.0 = Release|Any CPU
		{C2CC701D-3E10-4425-95F6-1C65E90CA8B8}.Release|iPhoneSimulator.ActiveCfg = Release|Any CPU
		{C2CC701D-3E10-4425-95F6-1C65E90CA8B8}.Release|iPhoneSimulator.Build.0 = Release|Any CPU
		{C2CC701D-3E10-4425-95F6-1C65E90CA8B8}.Release|iPhoneSimulator.Deploy.0 = Release|Any CPU
	EndGlobalSection
	GlobalSection(SolutionProperties) = preSolution
		HideSolutionNode = FALSE
	EndGlobalSection
	GlobalSection(ExtensibilityGlobals) = postSolution
		SolutionGuid = {1AE1A07A-6DF7-4B63-BA0C-B07E1A87AB9E}
	EndGlobalSection
EndGlobal
